// !$*UTF8*$!
{
	archiveVersion = 1;
	classes = {
	};
	objectVersion = 46;
	objects = {

/* Begin PBXBuildFile section */
		7286FAD41B7F2AB900CE55D8 /* main.m in Sources */ = {isa = PBXBuildFile; fileRef = 7286FAD31B7F2AB900CE55D8 /* main.m */; };
		7286FAD71B7F2AB900CE55D8 /* AppDelegate.m in Sources */ = {isa = PBXBuildFile; fileRef = 7286FAD61B7F2AB900CE55D8 /* AppDelegate.m */; };
		7286FADA1B7F2AB900CE55D8 /* ViewController.m in Sources */ = {isa = PBXBuildFile; fileRef = 7286FAD91B7F2AB900CE55D8 /* ViewController.m */; };
		7286FADD1B7F2AB900CE55D8 /* Main.storyboard in Resources */ = {isa = PBXBuildFile; fileRef = 7286FADB1B7F2AB900CE55D8 /* Main.storyboard */; };
		7286FADF1B7F2AB900CE55D8 /* Images.xcassets in Resources */ = {isa = PBXBuildFile; fileRef = 7286FADE1B7F2AB900CE55D8 /* Images.xcassets */; };
		7286FAE21B7F2AB900CE55D8 /* LaunchScreen.xib in Resources */ = {isa = PBXBuildFile; fileRef = 7286FAE01B7F2AB900CE55D8 /* LaunchScreen.xib */; };
		7286FAEE1B7F2AB900CE55D8 /* WHChartViewTests.m in Sources */ = {isa = PBXBuildFile; fileRef = 7286FAED1B7F2AB900CE55D8 /* WHChartViewTests.m */; };
		7286FAF91B7F2B2C00CE55D8 /* WHChart.m in Sources */ = {isa = PBXBuildFile; fileRef = 7286FAF81B7F2B2C00CE55D8 /* WHChart.m */; };
		7286FAFC1B7F2B4B00CE55D8 /* WHChartBar.m in Sources */ = {isa = PBXBuildFile; fileRef = 7286FAFB1B7F2B4B00CE55D8 /* WHChartBar.m */; };
		7286FAFF1B7F2D4000CE55D8 /* UIColor+WHColor.m in Sources */ = {isa = PBXBuildFile; fileRef = 7286FAFE1B7F2D4000CE55D8 /* UIColor+WHColor.m */; };
/* End PBXBuildFile section */

/* Begin PBXContainerItemProxy section */
		7286FAE81B7F2AB900CE55D8 /* PBXContainerItemProxy */ = {
			isa = PBXContainerItemProxy;
			containerPortal = 7286FAC61B7F2AB900CE55D8 /* Project object */;
			proxyType = 1;
			remoteGlobalIDString = 7286FACD1B7F2AB900CE55D8;
			remoteInfo = WHChartView;
		};
/* End PBXContainerItemProxy section */

/* Begin PBXFileReference section */
		7286FACE1B7F2AB900CE55D8 /* WHChartView.app */ = {isa = PBXFileReference; explicitFileType = wrapper.application; includeInIndex = 0; path = WHChartView.app; sourceTree = BUILT_PRODUCTS_DIR; };
		7286FAD21B7F2AB900CE55D8 /* Info.plist */ = {isa = PBXFileReference; lastKnownFileType = text.plist.xml; path = Info.plist; sourceTree = "<group>"; };
		7286FAD31B7F2AB900CE55D8 /* main.m */ = {isa = PBXFileReference; lastKnownFileType = sourcecode.c.objc; path = main.m; sourceTree = "<group>"; };
		7286FAD51B7F2AB900CE55D8 /* AppDelegate.h */ = {isa = PBXFileReference; lastKnownFileType = sourcecode.c.h; path = AppDelegate.h; sourceTree = "<group>"; };
		7286FAD61B7F2AB900CE55D8 /* AppDelegate.m */ = {isa = PBXFileReference; lastKnownFileType = sourcecode.c.objc; path = AppDelegate.m; sourceTree = "<group>"; };
		7286FAD81B7F2AB900CE55D8 /* ViewController.h */ = {isa = PBXFileReference; lastKnownFileType = sourcecode.c.h; path = ViewController.h; sourceTree = "<group>"; };
		7286FAD91B7F2AB900CE55D8 /* ViewController.m */ = {isa = PBXFileReference; lastKnownFileType = sourcecode.c.objc; path = ViewController.m; sourceTree = "<group>"; };
		7286FADC1B7F2AB900CE55D8 /* Base */ = {isa = PBXFileReference; lastKnownFileType = file.storyboard; name = Base; path = Base.lproj/Main.storyboard; sourceTree = "<group>"; };
		7286FADE1B7F2AB900CE55D8 /* Images.xcassets */ = {isa = PBXFileReference; lastKnownFileType = folder.assetcatalog; path = Images.xcassets; sourceTree = "<group>"; };
		7286FAE11B7F2AB900CE55D8 /* Base */ = {isa = PBXFileReference; lastKnownFileType = file.xib; name = Base; path = Base.lproj/LaunchScreen.xib; sourceTree = "<group>"; };
		7286FAE71B7F2AB900CE55D8 /* WHChartViewTests.xctest */ = {isa = PBXFileReference; explicitFileType = wrapper.cfbundle; includeInIndex = 0; path = WHChartViewTests.xctest; sourceTree = BUILT_PRODUCTS_DIR; };
		7286FAEC1B7F2AB900CE55D8 /* Info.plist */ = {isa = PBXFileReference; lastKnownFileType = text.plist.xml; path = Info.plist; sourceTree = "<group>"; };
		7286FAED1B7F2AB900CE55D8 /* WHChartViewTests.m */ = {isa = PBXFileReference; lastKnownFileType = sourcecode.c.objc; path = WHChartViewTests.m; sourceTree = "<group>"; };
		7286FAF71B7F2B2C00CE55D8 /* WHChart.h */ = {isa = PBXFileReference; fileEncoding = 4; lastKnownFileType = sourcecode.c.h; path = WHChart.h; sourceTree = "<group>"; };
		7286FAF81B7F2B2C00CE55D8 /* WHChart.m */ = {isa = PBXFileReference; fileEncoding = 4; lastKnownFileType = sourcecode.c.objc; path = WHChart.m; sourceTree = "<group>"; };
		7286FAFA1B7F2B4B00CE55D8 /* WHChartBar.h */ = {isa = PBXFileReference; fileEncoding = 4; lastKnownFileType = sourcecode.c.h; path = WHChartBar.h; sourceTree = "<group>"; };
		7286FAFB1B7F2B4B00CE55D8 /* WHChartBar.m */ = {isa = PBXFileReference; fileEncoding = 4; lastKnownFileType = sourcecode.c.objc; path = WHChartBar.m; sourceTree = "<group>"; };
		7286FAFD1B7F2D4000CE55D8 /* UIColor+WHColor.h */ = {isa = PBXFileReference; fileEncoding = 4; lastKnownFileType = sourcecode.c.h; path = "UIColor+WHColor.h"; sourceTree = "<group>"; };
		7286FAFE1B7F2D4000CE55D8 /* UIColor+WHColor.m */ = {isa = PBXFileReference; fileEncoding = 4; lastKnownFileType = sourcecode.c.objc; path = "UIColor+WHColor.m"; sourceTree = "<group>"; };
/* End PBXFileReference section */

/* Begin PBXFrameworksBuildPhase section */
		7286FACB1B7F2AB900CE55D8 /* Frameworks */ = {
			isa = PBXFrameworksBuildPhase;
			buildActionMask = 2147483647;
			files = (
			);
			runOnlyForDeploymentPostprocessing = 0;
		};
		7286FAE41B7F2AB900CE55D8 /* Frameworks */ = {
			isa = PBXFrameworksBuildPhase;
			buildActionMask = 2147483647;
			files = (
			);
			runOnlyForDeploymentPostprocessing = 0;
		};
/* End PBXFrameworksBuildPhase section */

/* Begin PBXGroup section */
		7286FAC51B7F2AB900CE55D8 = {
			isa = PBXGroup;
			children = (
				7286FAD01B7F2AB900CE55D8 /* WHChartView */,
				7286FAEA1B7F2AB900CE55D8 /* WHChartViewTests */,
				7286FACF1B7F2AB900CE55D8 /* Products */,
			);
			sourceTree = "<group>";
		};
		7286FACF1B7F2AB900CE55D8 /* Products */ = {
			isa = PBXGroup;
			children = (
				7286FACE1B7F2AB900CE55D8 /* WHChartView.app */,
				7286FAE71B7F2AB900CE55D8 /* WHChartViewTests.xctest */,
			);
			name = Products;
			sourceTree = "<group>";
		};
		7286FAD01B7F2AB900CE55D8 /* WHChartView */ = {
			isa = PBXGroup;
			children = (
				7286FB001B7F2EDA00CE55D8 /* WHChart */,
				7286FAD51B7F2AB900CE55D8 /* AppDelegate.h */,
				7286FAD61B7F2AB900CE55D8 /* AppDelegate.m */,
				7286FAD81B7F2AB900CE55D8 /* ViewController.h */,
				7286FAD91B7F2AB900CE55D8 /* ViewController.m */,
				7286FADB1B7F2AB900CE55D8 /* Main.storyboard */,
				7286FADE1B7F2AB900CE55D8 /* Images.xcassets */,
				7286FAE01B7F2AB900CE55D8 /* LaunchScreen.xib */,
				7286FAD11B7F2AB900CE55D8 /* Supporting Files */,
			);
			path = WHChartView;
			sourceTree = "<group>";
		};
		7286FAD11B7F2AB900CE55D8 /* Supporting Files */ = {
			isa = PBXGroup;
			children = (
				7286FAD21B7F2AB900CE55D8 /* Info.plist */,
				7286FAD31B7F2AB900CE55D8 /* main.m */,
			);
			name = "Supporting Files";
			sourceTree = "<group>";
		};
		7286FAEA1B7F2AB900CE55D8 /* WHChartViewTests */ = {
			isa = PBXGroup;
			children = (
				7286FAED1B7F2AB900CE55D8 /* WHChartViewTests.m */,
				7286FAEB1B7F2AB900CE55D8 /* Supporting Files */,
			);
			path = WHChartViewTests;
			sourceTree = "<group>";
		};
		7286FAEB1B7F2AB900CE55D8 /* Supporting Files */ = {
			isa = PBXGroup;
			children = (
				7286FAEC1B7F2AB900CE55D8 /* Info.plist */,
			);
			name = "Supporting Files";
			sourceTree = "<group>";
		};
		7286FB001B7F2EDA00CE55D8 /* WHChart */ = {
			isa = PBXGroup;
			children = (
				7286FAFD1B7F2D4000CE55D8 /* UIColor+WHColor.h */,
				7286FAFE1B7F2D4000CE55D8 /* UIColor+WHColor.m */,
				7286FAFA1B7F2B4B00CE55D8 /* WHChartBar.h */,
				7286FAFB1B7F2B4B00CE55D8 /* WHChartBar.m */,
				7286FAF71B7F2B2C00CE55D8 /* WHChart.h */,
				7286FAF81B7F2B2C00CE55D8 /* WHChart.m */,
			);
			name = WHChart;
			sourceTree = "<group>";
		};
/* End PBXGroup section */

/* Begin PBXNativeTarget section */
		7286FACD1B7F2AB900CE55D8 /* WHChartView */ = {
			isa = PBXNativeTarget;
			buildConfigurationList = 7286FAF11B7F2AB900CE55D8 /* Build configuration list for PBXNativeTarget "WHChartView" */;
			buildPhases = (
				7286FACA1B7F2AB900CE55D8 /* Sources */,
				7286FACB1B7F2AB900CE55D8 /* Frameworks */,
				7286FACC1B7F2AB900CE55D8 /* Resources */,
			);
			buildRules = (
			);
			dependencies = (
			);
			name = WHChartView;
			productName = WHChartView;
			productReference = 7286FACE1B7F2AB900CE55D8 /* WHChartView.app */;
			productType = "com.apple.product-type.application";
		};
		7286FAE61B7F2AB900CE55D8 /* WHChartViewTests */ = {
			isa = PBXNativeTarget;
			buildConfigurationList = 7286FAF41B7F2AB900CE55D8 /* Build configuration list for PBXNativeTarget "WHChartViewTests" */;
			buildPhases = (
				7286FAE31B7F2AB900CE55D8 /* Sources */,
				7286FAE41B7F2AB900CE55D8 /* Frameworks */,
				7286FAE51B7F2AB900CE55D8 /* Resources */,
			);
			buildRules = (
			);
			dependencies = (
				7286FAE91B7F2AB900CE55D8 /* PBXTargetDependency */,
			);
			name = WHChartViewTests;
			productName = WHChartViewTests;
			productReference = 7286FAE71B7F2AB900CE55D8 /* WHChartViewTests.xctest */;
			productType = "com.apple.product-type.bundle.unit-test";
		};
/* End PBXNativeTarget section */

/* Begin PBXProject section */
		7286FAC61B7F2AB900CE55D8 /* Project object */ = {
			isa = PBXProject;
			attributes = {
				LastUpgradeCheck = 0640;
				ORGANIZATIONNAME = "王振辉";
				TargetAttributes = {
					7286FACD1B7F2AB900CE55D8 = {
						CreatedOnToolsVersion = 6.4;
					};
					7286FAE61B7F2AB900CE55D8 = {
						CreatedOnToolsVersion = 6.4;
						TestTargetID = 7286FACD1B7F2AB900CE55D8;
					};
				};
			};
			buildConfigurationList = 7286FAC91B7F2AB900CE55D8 /* Build configuration list for PBXProject "WHChartView" */;
			compatibilityVersion = "Xcode 3.2";
			developmentRegion = English;
			hasScannedForEncodings = 0;
			knownRegions = (
				en,
				Base,
			);
			mainGroup = 7286FAC51B7F2AB900CE55D8;
			productRefGroup = 7286FACF1B7F2AB900CE55D8 /* Products */;
			projectDirPath = "";
			projectRoot = "";
			targets = (
				7286FACD1B7F2AB900CE55D8 /* WHChartView */,
				7286FAE61B7F2AB900CE55D8 /* WHChartViewTests */,
			);
		};
/* End PBXProject section */

/* Begin PBXResourcesBuildPhase section */
		7286FACC1B7F2AB900CE55D8 /* Resources */ = {
			isa = PBXResourcesBuildPhase;
			buildActionMask = 2147483647;
			files = (
				7286FADD1B7F2AB900CE55D8 /* Main.storyboard in Resources */,
				7286FAE21B7F2AB900CE55D8 /* LaunchScreen.xib in Resources */,
				7286FADF1B7F2AB900CE55D8 /* Images.xcassets in Resources */,
			);
			runOnlyForDeploymentPostprocessing = 0;
		};
		7286FAE51B7F2AB900CE55D8 /* Resources */ = {
			isa = PBXResourcesBuildPhase;
			buildActionMask = 2147483647;
			files = (
			);
			runOnlyForDeploymentPostprocessing = 0;
		};
/* End PBXResourcesBuildPhase section */

/* Begin PBXSourcesBuildPhase section */
		7286FACA1B7F2AB900CE55D8 /* Sources */ = {
			isa = PBXSourcesBuildPhase;
			buildActionMask = 2147483647;
			files = (
				7286FADA1B7F2AB900CE55D8 /* ViewController.m in Sources */,
				7286FAFC1B7F2B4B00CE55D8 /* WHChartBar.m in Sources */,
				7286FAF91B7F2B2C00CE55D8 /* WHChart.m in Sources */,
				7286FAD71B7F2AB900CE55D8 /* AppDelegate.m in Sources */,
				7286FAFF1B7F2D4000CE55D8 /* UIColor+WHColor.m in Sources */,
				7286FAD41B7F2AB900CE55D8 /* main.m in Sources */,
			);
			runOnlyForDeploymentPostprocessing = 0;
		};
		7286FAE31B7F2AB900CE55D8 /* Sources */ = {
			isa = PBXSourcesBuildPhase;
			buildActionMask = 2147483647;
			files = (
				7286FAEE1B7F2AB900CE55D8 /* WHChartViewTests.m in Sources */,
			);
			runOnlyForDeploymentPostprocessing = 0;
		};
/* End PBXSourcesBuildPhase section */

/* Begin PBXTargetDependency section */
		7286FAE91B7F2AB900CE55D8 /* PBXTargetDependency */ = {
			isa = PBXTargetDependency;
			target = 7286FACD1B7F2AB900CE55D8 /* WHChartView */;
			targetProxy = 7286FAE81B7F2AB900CE55D8 /* PBXContainerItemProxy */;
		};
/* End PBXTargetDependency section */

/* Begin PBXVariantGroup section */
		7286FADB1B7F2AB900CE55D8 /* Main.storyboard */ = {
			isa = PBXVariantGroup;
			children = (
				7286FADC1B7F2AB900CE55D8 /* Base */,
			);
			name = Main.storyboard;
			sourceTree = "<group>";
		};
		7286FAE01B7F2AB900CE55D8 /* LaunchScreen.xib */ = {
			isa = PBXVariantGroup;
			children = (
				7286FAE11B7F2AB900CE55D8 /* Base */,
			);
			name = LaunchScreen.xib;
			sourceTree = "<group>";
		};
/* End PBXVariantGroup section */

/* Begin XCBuildConfiguration section */
		7286FAEF1B7F2AB900CE55D8 /* Debug */ = {
			isa = XCBuildConfiguration;
			buildSettings = {
				ALWAYS_SEARCH_USER_PATHS = NO;
				CLANG_CXX_LANGUAGE_STANDARD = "gnu++0x";
				CLANG_CXX_LIBRARY = "libc++";
				CLANG_ENABLE_MODULES = YES;
				CLANG_ENABLE_OBJC_ARC = YES;
				CLANG_WARN_BOOL_CONVERSION = YES;
				CLANG_WARN_CONSTANT_CONVERSION = YES;
				CLANG_WARN_DIRECT_OBJC_ISA_USAGE = YES_ERROR;
				CLANG_WARN_EMPTY_BODY = YES;
				CLANG_WARN_ENUM_CONVERSION = YES;
				CLANG_WARN_INT_CONVERSION = YES;
				CLANG_WARN_OBJC_ROOT_CLASS = YES_ERROR;
				CLANG_WARN_UNREACHABLE_CODE = YES;
				CLANG_WARN__DUPLICATE_METHOD_MATCH = YES;
				"CODE_SIGN_IDENTITY[sdk=iphoneos*]" = "iPhone Developer";
				COPY_PHASE_STRIP = NO;
				DEBUG_INFORMATION_FORMAT = "dwarf-with-dsym";
				ENABLE_STRICT_OBJC_MSGSEND = YES;
				GCC_C_LANGUAGE_STANDARD = gnu99;
				GCC_DYNAMIC_NO_PIC = NO;
				GCC_NO_COMMON_BLOCKS = YES;
				GCC_OPTIMIZATION_LEVEL = 0;
				GCC_PREPROCESSOR_DEFINITIONS = (
					"DEBUG=1",
					"$(inherited)",
				);
				GCC_SYMBOLS_PRIVATE_EXTERN = NO;
				GCC_WARN_64_TO_32_BIT_CONVERSION = YES;
				GCC_WARN_ABOUT_RETURN_TYPE = YES_ERROR;
				GCC_WARN_UNDECLARED_SELECTOR = YES;
				GCC_WARN_UNINITIALIZED_AUTOS = YES_AGGRESSIVE;
				GCC_WARN_UNUSED_FUNCTION = YES;
				GCC_WARN_UNUSED_VARIABLE = YES;
				IPHONEOS_DEPLOYMENT_TARGET = 8.4;
				MTL_ENABLE_DEBUG_INFO = YES;
				ONLY_ACTIVE_ARCH = YES;
				SDKROOT = iphoneos;
			};
			name = Debug;
		};
		7286FAF01B7F2AB900CE55D8 /* Release */ = {
			isa = XCBuildConfiguration;
			buildSettings = {
				ALWAYS_SEARCH_USER_PATHS = NO;
				CLANG_CXX_LANGUAGE_STANDARD = "gnu++0x";
				CLANG_CXX_LIBRARY = "libc++";
				CLANG_ENABLE_MODULES = YES;
				CLANG_ENABLE_OBJC_ARC = YES;
				CLANG_WARN_BOOL_CONVERSION = YES;
				CLANG_WARN_CONSTANT_CONVERSION = YES;
				CLANG_WARN_DIRECT_OBJC_ISA_USAGE = YES_ERROR;
				CLANG_WARN_EMPTY_BODY = YES;
				CLANG_WARN_ENUM_CONVERSION = YES;
				CLANG_WARN_INT_CONVERSION = YES;
				CLANG_WARN_OBJC_ROOT_CLASS = YES_ERROR;
				CLANG_WARN_UNREACHABLE_CODE = YES;
				CLANG_WARN__DUPLICATE_METHOD_MATCH = YES;
				"CODE_SIGN_IDENTITY[sdk=iphoneos*]" = "iPhone Developer";
				COPY_PHASE_STRIP = NO;
				DEBUG_INFORMATION_FORMAT = "dwarf-with-dsym";
				ENABLE_NS_ASSERTIONS = NO;
				ENABLE_STRICT_OBJC_MSGSEND = YES;
				GCC_C_LANGUAGE_STANDARD = gnu99;
				GCC_NO_COMMON_BLOCKS = YES;
				GCC_WARN_64_TO_32_BIT_CONVERSION = YES;
				GCC_WARN_ABOUT_RETURN_TYPE = YES_ERROR;
				GCC_WARN_UNDECLARED_SELECTOR = YES;
				GCC_WARN_UNINITIALIZED_AUTOS = YES_AGGRESSIVE;
				GCC_WARN_UNUSED_FUNCTION = YES;
				GCC_WARN_UNUSED_VARIABLE = YES;
				IPHONEOS_DEPLOYMENT_TARGET = 8.4;
				MTL_ENABLE_DEBUG_INFO = NO;
				SDKROOT = iphoneos;
				VALIDATE_PRODUCT = YES;
			};
			name = Release;
		};
		7286FAF21B7F2AB900CE55D8 /* Debug */ = {
			isa = XCBuildConfiguration;
			buildSettings = {
				ASSETCATALOG_COMPILER_APPICON_NAME = AppIcon;
				INFOPLIST_FILE = WHChartView/Info.plist;
				LD_RUNPATH_SEARCH_PATHS = "$(inherited) @executable_path/Frameworks";
				PRODUCT_NAME = "$(TARGET_NAME)";
			};
			name = Debug;
		};
		7286FAF31B7F2AB900CE55D8 /* Release */ = {
			isa = XCBuildConfiguration;
			buildSettings = {
				ASSETCATALOG_COMPILER_APPICON_NAME = AppIcon;
				INFOPLIST_FILE = WHChartView/Info.plist;
				LD_RUNPATH_SEARCH_PATHS = "$(inherited) @executable_path/Frameworks";
				PRODUCT_NAME = "$(TARGET_NAME)";
			};
			name = Release;
		};
		7286FAF51B7F2AB900CE55D8 /* Debug */ = {
			isa = XCBuildConfiguration;
			buildSettings = {
				BUNDLE_LOADER = "$(TEST_HOST)";
				FRAMEWORK_SEARCH_PATHS = (
					"$(SDKROOT)/Developer/Library/Frameworks",
					"$(inherited)",
				);
				GCC_PREPROCESSOR_DEFINITIONS = (
					"DEBUG=1",
					"$(inherited)",
				);
				INFOPLIST_FILE = WHChartViewTests/Info.plist;
				LD_RUNPATH_SEARCH_PATHS = "$(inherited) @executable_path/Frameworks @loader_path/Frameworks";
				PRODUCT_NAME = "$(TARGET_NAME)";
				TEST_HOST = "$(BUILT_PRODUCTS_DIR)/WHChartView.app/WHChartView";
			};
			name = Debug;
		};
		7286FAF61B7F2AB900CE55D8 /* Release */ = {
			isa = XCBuildConfiguration;
			buildSettings = {
				BUNDLE_LOADER = "$(TEST_HOST)";
				FRAMEWORK_SEARCH_PATHS = (
					"$(SDKROOT)/Developer/Library/Frameworks",
					"$(inherited)",
				);
				INFOPLIST_FILE = WHChartViewTests/Info.plist;
				LD_RUNPATH_SEARCH_PATHS = "$(inherited) @executable_path/Frameworks @loader_path/Frameworks";
				PRODUCT_NAME = "$(TARGET_NAME)";
				TEST_HOST = "$(BUILT_PRODUCTS_DIR)/WHChartView.app/WHChartView";
			};
			name = Release;
		};
/* End XCBuildConfiguration section */

/* Begin XCConfigurationList section */
		7286FAC91B7F2AB900CE55D8 /* Build configuration list for PBXProject "WHChartView" */ = {
			isa = XCConfigurationList;
			buildConfigurations = (
				7286FAEF1B7F2AB900CE55D8 /* Debug */,
				7286FAF01B7F2AB900CE55D8 /* Release */,
			);
			defaultConfigurationIsVisible = 0;
			defaultConfigurationName = Release;
		};
		7286FAF11B7F2AB900CE55D8 /* Build configuration list for PBXNativeTarget "WHChartView" */ = {
			isa = XCConfigurationList;
			buildConfigurations = (
				7286FAF21B7F2AB900CE55D8 /* Debug */,
				7286FAF31B7F2AB900CE55D8 /* Release */,
			);
			defaultConfigurationIsVisible = 0;
			defaultConfigurationName = Release;
		};
		7286FAF41B7F2AB900CE55D8 /* Build configuration list for PBXNativeTarget "WHChartViewTests" */ = {
			isa = XCConfigurationList;
			buildConfigurations = (
				7286FAF51B7F2AB900CE55D8 /* Debug */,
				7286FAF61B7F2AB900CE55D8 /* Release */,
			);
			defaultConfigurationIsVisible = 0;
			defaultConfigurationName = Release;
		};
/* End XCConfigurationList section */
	};
	rootObject = 7286FAC61B7F2AB900CE55D8 /* Project object */;
}
